
Microsoft Visual Studio Solution File, Format Version 12.00
# Visual Studio Version 16
VisualStudioVersion = 16.0.29926.136
MinimumVisualStudioVersion = 10.0.40219.1
Project("{FAE04EC0-301F-11D3-BF4B-00C04F79EFBC}") = "B_HelloWorld_RibbonPanel", "B_HelloWorld_RibbonPanel.csproj", "{550F47B3-771E-4CB3-9AA1-F237E84DE390}"
EndProject
Global
	GlobalSection(SolutionConfigurationPlatforms) = preSolution
		Debug|Any CPU = Debug|Any CPU
		Release|Any CPU = Release|Any CPU
	EndGlobalSection
	GlobalSection(ProjectConfigurationPlatforms) = postSolution
		{550F47B3-771E-4CB3-9AA1-F237E84DE390}.Debug|Any CPU.ActiveCfg = Debug|Any CPU
		{550F47B3-771E-4CB3-9AA1-F237E84DE390}.Debug|Any CPU.Build.0 = Debug|Any CPU
		{550F47B3-771E-4CB3-9AA1-F237E84DE390}.Release|Any CPU.ActiveCfg = Release|Any CPU
		{550F47B3-771E-4CB3-9AA1-F237E84DE390}.Release|Any CPU.Build.0 = Release|Any CPU
	EndGlobalSection
	GlobalSection(SolutionProperties) = preSolution
		HideSolutionNode = FALSE
	EndGlobalSection
	GlobalSection(ExtensibilityGlobals) = postSolution
		SolutionGuid = {DE2EC010-DD46-433C-8BEA-6031924A7F09}
	EndGlobalSection
EndGlobal
